// !$*UTF8*$!
{
	archiveVersion = 1;
	classes = {
	};
	objectVersion = 50;
	objects = {

/* Begin PBXBuildFile section */
		9BA23A79241070090021FF96 /* AppDelegate.swift in Sources */ = {isa = PBXBuildFile; fileRef = 9BA23A78241070090021FF96 /* AppDelegate.swift */; };
		9BA23A7B241070090021FF96 /* SceneDelegate.swift in Sources */ = {isa = PBXBuildFile; fileRef = 9BA23A7A241070090021FF96 /* SceneDelegate.swift */; };
		9BA23A7D241070090021FF96 /* ViewController.swift in Sources */ = {isa = PBXBuildFile; fileRef = 9BA23A7C241070090021FF96 /* ViewController.swift */; };
		9BA23A80241070090021FF96 /* Main.storyboard in Resources */ = {isa = PBXBuildFile; fileRef = 9BA23A7E241070090021FF96 /* Main.storyboard */; };
		9BA23A822410700B0021FF96 /* Assets.xcassets in Resources */ = {isa = PBXBuildFile; fileRef = 9BA23A812410700B0021FF96 /* Assets.xcassets */; };
		9BA23A852410700B0021FF96 /* LaunchScreen.storyboard in Resources */ = {isa = PBXBuildFile; fileRef = 9BA23A832410700B0021FF96 /* LaunchScreen.storyboard */; };
		9BA23A8D241076B90021FF96 /* Second View ControllerViewController.swift in Sources */ = {isa = PBXBuildFile; fileRef = 9BA23A8C241076B90021FF96 /* Second View ControllerViewController.swift */; };
/* End PBXBuildFile section */

/* Begin PBXFileReference section */
		9BA23A75241070090021FF96 /* iOSDay4UserDefaultExample.app */ = {isa = PBXFileReference; explicitFileType = wrapper.application; includeInIndex = 0; path = iOSDay4UserDefaultExample.app; sourceTree = BUILT_PRODUCTS_DIR; };
		9BA23A78241070090021FF96 /* AppDelegate.swift */ = {isa = PBXFileReference; lastKnownFileType = sourcecode.swift; path = AppDelegate.swift; sourceTree = "<group>"; };
		9BA23A7A241070090021FF96 /* SceneDelegate.swift */ = {isa = PBXFileReference; lastKnownFileType = sourcecode.swift; path = SceneDelegate.swift; sourceTree = "<group>"; };
		9BA23A7C241070090021FF96 /* ViewController.swift */ = {isa = PBXFileReference; lastKnownFileType = sourcecode.swift; path = ViewController.swift; sourceTree = "<group>"; };
		9BA23A7F241070090021FF96 /* Base */ = {isa = PBXFileReference; lastKnownFileType = file.storyboard; name = Base; path = Base.lproj/Main.storyboard; sourceTree = "<group>"; };
		9BA23A812410700B0021FF96 /* Assets.xcassets */ = {isa = PBXFileReference; lastKnownFileType = folder.assetcatalog; path = Assets.xcassets; sourceTree = "<group>"; };
		9BA23A842410700B0021FF96 /* Base */ = {isa = PBXFileReference; lastKnownFileType = file.storyboard; name = Base; path = Base.lproj/LaunchScreen.storyboard; sourceTree = "<group>"; };
		9BA23A862410700B0021FF96 /* Info.plist */ = {isa = PBXFileReference; lastKnownFileType = text.plist.xml; path = Info.plist; sourceTree = "<group>"; };
		9BA23A8C241076B90021FF96 /* Second View ControllerViewController.swift */ = {isa = PBXFileReference; lastKnownFileType = sourcecode.swift; path = "Second View ControllerViewController.swift"; sourceTree = "<group>"; };
/* End PBXFileReference section */

/* Begin PBXFrameworksBuildPhase section */
		9BA23A72241070090021FF96 /* Frameworks */ = {
			isa = PBXFrameworksBuildPhase;
			buildActionMask = 2147483647;
			files = (
			);
			runOnlyForDeploymentPostprocessing = 0;
		};
/* End PBXFrameworksBuildPhase section */

/* Begin PBXGroup section */
		9BA23A6C241070090021FF96 = {
			isa = PBXGroup;
			children = (
				9BA23A77241070090021FF96 /* iOSDay4UserDefaultExample */,
				9BA23A76241070090021FF96 /* Products */,
			);
			sourceTree = "<group>";
		};
		9BA23A76241070090021FF96 /* Products */ = {
			isa = PBXGroup;
			children = (
				9BA23A75241070090021FF96 /* iOSDay4UserDefaultExample.app */,
			);
			name = Products;
			sourceTree = "<group>";
		};
		9BA23A77241070090021FF96 /* iOSDay4UserDefaultExample */ = {
			isa = PBXGroup;
			children = (
				9BA23A78241070090021FF96 /* AppDelegate.swift */,
				9BA23A7A241070090021FF96 /* SceneDelegate.swift */,
				9BA23A7C241070090021FF96 /* ViewController.swift */,
				9BA23A7E241070090021FF96 /* Main.storyboard */,
				9BA23A812410700B0021FF96 /* Assets.xcassets */,
				9BA23A832410700B0021FF96 /* LaunchScreen.storyboard */,
				9BA23A862410700B0021FF96 /* Info.plist */,
				9BA23A8C241076B90021FF96 /* Second View ControllerViewController.swift */,
			);
			path = iOSDay4UserDefaultExample;
			sourceTree = "<group>";
		};
/* End PBXGroup section */

/* Begin PBXNativeTarget section */
		9BA23A74241070090021FF96 /* iOSDay4UserDefaultExample */ = {
			isa = PBXNativeTarget;
			buildConfigurationList = 9BA23A892410700B0021FF96 /* Build configuration list for PBXNativeTarget "iOSDay4UserDefaultExample" */;
			buildPhases = (
				9BA23A71241070090021FF96 /* Sources */,
				9BA23A72241070090021FF96 /* Frameworks */,
				9BA23A73241070090021FF96 /* Resources */,
			);
			buildRules = (
			);
			dependencies = (
			);
			name = iOSDay4UserDefaultExample;
			productName = iOSDay4UserDefaultExample;
			productReference = 9BA23A75241070090021FF96 /* iOSDay4UserDefaultExample.app */;
			productType = "com.apple.product-type.application";
		};
/* End PBXNativeTarget section */

/* Begin PBXProject section */
		9BA23A6D241070090021FF96 /* Project object */ = {
			isa = PBXProject;
			attributes = {
				LastSwiftUpdateCheck = 1130;
				LastUpgradeCheck = 1130;
				ORGANIZATIONNAME = MacStudent;
				TargetAttributes = {
					9BA23A74241070090021FF96 = {
						CreatedOnToolsVersion = 11.3;
					};
				};
			};
			buildConfigurationList = 9BA23A70241070090021FF96 /* Build configuration list for PBXProject "iOSDay4UserDefaultExample" */;
			compatibilityVersion = "Xcode 9.3";
			developmentRegion = en;
			hasScannedForEncodings = 0;
			knownRegions = (
				en,
				Base,
			);
			mainGroup = 9BA23A6C241070090021FF96;
			productRefGroup = 9BA23A76241070090021FF96 /* Products */;
			projectDirPath = "";
			projectRoot = "";
			targets = (
				9BA23A74241070090021FF96 /* iOSDay4UserDefaultExample */,
			);
		};
/* End PBXProject section */

/* Begin PBXResourcesBuildPhase section */
		9BA23A73241070090021FF96 /* Resources */ = {
			isa = PBXResourcesBuildPhase;
			buildActionMask = 2147483647;
			files = (
				9BA23A852410700B0021FF96 /* LaunchScreen.storyboard in Resources */,
				9BA23A822410700B0021FF96 /* Assets.xcassets in Resources */,
				9BA23A80241070090021FF96 /* Main.storyboard in Resources */,
			);
			runOnlyForDeploymentPostprocessing = 0;
		};
/* End PBXResourcesBuildPhase section */

/* Begin PBXSourcesBuildPhase section */
		9BA23A71241070090021FF96 /* Sources */ = {
			isa = PBXSourcesBuildPhase;
			buildActionMask = 2147483647;
			files = (
				9BA23A7D241070090021FF96 /* ViewController.swift in Sources */,
				9BA23A79241070090021FF96 /* AppDelegate.swift in Sources */,
				9BA23A7B241070090021FF96 /* SceneDelegate.swift in Sources */,
				9BA23A8D241076B90021FF96 /* Second View ControllerViewController.swift in Sources */,
			);
			runOnlyForDeploymentPostprocessing = 0;
		};
/* End PBXSourcesBuildPhase section */

/* Begin PBXVariantGroup section */
		9BA23A7E241070090021FF96 /* Main.storyboard */ = {
			isa = PBXVariantGroup;
			children = (
				9BA23A7F241070090021FF96 /* Base */,
			);
			name = Main.storyboard;
			sourceTree = "<group>";
		};
		9BA23A832410700B0021FF96 /* LaunchScreen.storyboard */ = {
			isa = PBXVariantGroup;
			children = (
				9BA23A842410700B0021FF96 /* Base */,
			);
			name = LaunchScreen.storyboard;
			sourceTree = "<group>";
		};
/* End PBXVariantGroup section */

/* Begin XCBuildConfiguration section */
		9BA23A872410700B0021FF96 /* Debug */ = {
			isa = XCBuildConfiguration;
			buildSettings = {
				ALWAYS_SEARCH_USER_PATHS = NO;
				CLANG_ANALYZER_NONNULL = YES;
				CLANG_ANALYZER_NUMBER_OBJECT_CONVERSION = YES_AGGRESSIVE;
				CLANG_CXX_LANGUAGE_STANDARD = "gnu++14";
				CLANG_CXX_LIBRARY = "libc++";
				CLANG_ENABLE_MODULES = YES;
				CLANG_ENABLE_OBJC_ARC = YES;
				CLANG_ENABLE_OBJC_WEAK = YES;
				CLANG_WARN_BLOCK_CAPTURE_AUTORELEASING = YES;
				CLANG_WARN_BOOL_CONVERSION = YES;
				CLANG_WARN_COMMA = YES;
				CLANG_WARN_CONSTANT_CONVERSION = YES;
				CLANG_WARN_DEPRECATED_OBJC_IMPLEMENTATIONS = YES;
				CLANG_WARN_DIRECT_OBJC_ISA_USAGE = YES_ERROR;
				CLANG_WARN_DOCUMENTATION_COMMENTS = YES;
				CLANG_WARN_EMPTY_BODY = YES;
				CLANG_WARN_ENUM_CONVERSION = YES;
				CLANG_WARN_INFINITE_RECURSION = YES;
				CLANG_WARN_INT_CONVERSION = YES;
				CLANG_WARN_NON_LITERAL_NULL_CONVERSION = YES;
				CLANG_WARN_OBJC_IMPLICIT_RETAIN_SELF = YES;
				CLANG_WARN_OBJC_LITERAL_CONVERSION = YES;
				CLANG_WARN_OBJC_ROOT_CLASS = YES_ERROR;
				CLANG_WARN_RANGE_LOOP_ANALYSIS = YES;
				CLANG_WARN_STRICT_PROTOTYPES = YES;
				CLANG_WARN_SUSPICIOUS_MOVE = YES;
				CLANG_WARN_UNGUARDED_AVAILABILITY = YES_AGGRESSIVE;
				CLANG_WARN_UNREACHABLE_CODE = YES;
				CLANG_WARN__DUPLICATE_METHOD_MATCH = YES;
				COPY_PHASE_STRIP = NO;
				DEBUG_INFORMATION_FORMAT = dwarf;
				ENABLE_STRICT_OBJC_MSGSEND = YES;
				ENABLE_TESTABILITY = YES;
				GCC_C_LANGUAGE_STANDARD = gnu11;
				GCC_DYNAMIC_NO_PIC = NO;
				GCC_NO_COMMON_BLOCKS = YES;
				GCC_OPTIMIZATION_LEVEL = 0;
				GCC_PREPROCESSOR_DEFINITIONS = (
					"DEBUG=1",
					"$(inherited)",
				);
				GCC_WARN_64_TO_32_BIT_CONVERSION = YES;
				GCC_WARN_ABOUT_RETURN_TYPE = YES_ERROR;
				GCC_WARN_UNDECLARED_SELECTOR = YES;
				GCC_WARN_UNINITIALIZED_AUTOS = YES_AGGRESSIVE;
				GCC_WARN_UNUSED_FUNCTION = YES;
				GCC_WARN_UNUSED_VARIABLE = YES;
				IPHONEOS_DEPLOYMENT_TARGET = 13.2;
				MTL_ENABLE_DEBUG_INFO = INCLUDE_SOURCE;
				MTL_FAST_MATH = YES;
				ONLY_ACTIVE_ARCH = YES;
				SDKROOT = iphoneos;
				SWIFT_ACTIVE_COMPILATION_CONDITIONS = DEBUG;
				SWIFT_OPTIMIZATION_LEVEL = "-Onone";
			};
			name = Debug;
		};
		9BA23A882410700B0021FF96 /* Release */ = {
			isa = XCBuildConfiguration;
			buildSettings = {
				ALWAYS_SEARCH_USER_PATHS = NO;
				CLANG_ANALYZER_NONNULL = YES;
				CLANG_ANALYZER_NUMBER_OBJECT_CONVERSION = YES_AGGRESSIVE;
				CLANG_CXX_LANGUAGE_STANDARD = "gnu++14";
				CLANG_CXX_LIBRARY = "libc++";
				CLANG_ENABLE_MODULES = YES;
				CLANG_ENABLE_OBJC_ARC = YES;
				CLANG_ENABLE_OBJC_WEAK = YES;
				CLANG_WARN_BLOCK_CAPTURE_AUTORELEASING = YES;
				CLANG_WARN_BOOL_CONVERSION = YES;
				CLANG_WARN_COMMA = YES;
				CLANG_WARN_CONSTANT_CONVERSION = YES;
				CLANG_WARN_DEPRECATED_OBJC_IMPLEMENTATIONS = YES;
				CLANG_WARN_DIRECT_OBJC_ISA_USAGE = YES_ERROR;
				CLANG_WARN_DOCUMENTATION_COMMENTS = YES;
				CLANG_WARN_EMPTY_BODY = YES;
				CLANG_WARN_ENUM_CONVERSION = YES;
				CLANG_WARN_INFINITE_RECURSION = YES;
				CLANG_WARN_INT_CONVERSION = YES;
				CLANG_WARN_NON_LITERAL_NULL_CONVERSION = YES;
				CLANG_WARN_OBJC_IMPLICIT_RETAIN_SELF = YES;
				CLANG_WARN_OBJC_LITERAL_CONVERSION = YES;
				CLANG_WARN_OBJC_ROOT_CLASS = YES_ERROR;
				CLANG_WARN_RANGE_LOOP_ANALYSIS = YES;
				CLANG_WARN_STRICT_PROTOTYPES = YES;
				CLANG_WARN_SUSPICIOUS_MOVE = YES;
				CLANG_WARN_UNGUARDED_AVAILABILITY = YES_AGGRESSIVE;
				CLANG_WARN_UNREACHABLE_CODE = YES;
				CLANG_WARN__DUPLICATE_METHOD_MATCH = YES;
				COPY_PHASE_STRIP = NO;
				DEBUG_INFORMATION_FORMAT = "dwarf-with-dsym";
				ENABLE_NS_ASSERTIONS = NO;
				ENABLE_STRICT_OBJC_MSGSEND = YES;
				GCC_C_LANGUAGE_STANDARD = gnu11;
				GCC_NO_COMMON_BLOCKS = YES;
				GCC_WARN_64_TO_32_BIT_CONVERSION = YES;
				GCC_WARN_ABOUT_RETURN_TYPE = YES_ERROR;
				GCC_WARN_UNDECLARED_SELECTOR = YES;
				GCC_WARN_UNINITIALIZED_AUTOS = YES_AGGRESSIVE;
				GCC_WARN_UNUSED_FUNCTION = YES;
				GCC_WARN_UNUSED_VARIABLE = YES;
				IPHONEOS_DEPLOYMENT_TARGET = 13.2;
				MTL_ENABLE_DEBUG_INFO = NO;
				MTL_FAST_MATH = YES;
				SDKROOT = iphoneos;
				SWIFT_COMPILATION_MODE = wholemodule;
				SWIFT_OPTIMIZATION_LEVEL = "-O";
				VALIDATE_PRODUCT = YES;
			};
			name = Release;
		};
		9BA23A8A2410700B0021FF96 /* Debug */ = {
			isa = XCBuildConfiguration;
			buildSettings = {
				ASSETCATALOG_COMPILER_APPICON_NAME = AppIcon;
				CODE_SIGN_STYLE = Automatic;
				INFOPLIST_FILE = iOSDay4UserDefaultExample/Info.plist;
				LD_RUNPATH_SEARCH_PATHS = (
					"$(inherited)",
					"@executable_path/Frameworks",
				);
				PRODUCT_BUNDLE_IDENTIFIER = CestarCollege.iOSDay4UserDefaultExample;
				PRODUCT_NAME = "$(TARGET_NAME)";
				SWIFT_VERSION = 5.0;
				TARGETED_DEVICE_FAMILY = "1,2";
			};
			name = Debug;
		};
		9BA23A8B2410700B0021FF96 /* Release */ = {
			isa = XCBuildConfiguration;
			buildSettings = {
				ASSETCATALOG_COMPILER_APPICON_NAME = AppIcon;
				CODE_SIGN_STYLE = Automatic;
				INFOPLIST_FILE = iOSDay4UserDefaultExample/Info.plist;
				LD_RUNPATH_SEARCH_PATHS = (
					"$(inherited)",
					"@executable_path/Frameworks",
				);
				PRODUCT_BUNDLE_IDENTIFIER = CestarCollege.iOSDay4UserDefaultExample;
				PRODUCT_NAME = "$(TARGET_NAME)";
				SWIFT_VERSION = 5.0;
				TARGETED_DEVICE_FAMILY = "1,2";
			};
			name = Release;
		};
/* End XCBuildConfiguration section */

/* Begin XCConfigurationList section */
		9BA23A70241070090021FF96 /* Build configuration list for PBXProject "iOSDay4UserDefaultExample" */ = {
			isa = XCConfigurationList;
			buildConfigurations = (
				9BA23A872410700B0021FF96 /* Debug */,
				9BA23A882410700B0021FF96 /* Release */,
			);
			defaultConfigurationIsVisible = 0;
			defaultConfigurationName = Release;
		};
		9BA23A892410700B0021FF96 /* Build configuration list for PBXNativeTarget "iOSDay4UserDefaultExample" */ = {
			isa = XCConfigurationList;
			buildConfigurations = (
				9BA23A8A2410700B0021FF96 /* Debug */,
				9BA23A8B2410700B0021FF96 /* Release */,
			);
			defaultConfigurationIsVisible = 0;
			defaultConfigurationName = Release;
		};
/* End XCConfigurationList section */
	};
	rootObject = 9BA23A6D241070090021FF96 /* Project object */;
}
